
Microsoft Visual Studio Solution File, Format Version 12.00
# Visual Studio Version 17
VisualStudioVersion = 17.3.32901.215
MinimumVisualStudioVersion = 10.0.40219.1
Project("{FAE04EC0-301F-11D3-BF4B-00C04F79EFBC}") = "Play.Catalog.Service", "Play.Catalog.Service\Play.Catalog.Service.csproj", "{96B94547-8792-4870-838D-1F6C5FA292EF}"
EndProject
Global
	GlobalSection(SolutionConfigurationPlatforms) = preSolution
		Debug|Any CPU = Debug|Any CPU
		Release|Any CPU = Release|Any CPU
	EndGlobalSection
	GlobalSection(ProjectConfigurationPlatforms) = postSolution
		{96B94547-8792-4870-838D-1F6C5FA292EF}.Debug|Any CPU.ActiveCfg = Debug|Any CPU
		{96B94547-8792-4870-838D-1F6C5FA292EF}.Debug|Any CPU.Build.0 = Debug|Any CPU
		{96B94547-8792-4870-838D-1F6C5FA292EF}.Release|Any CPU.ActiveCfg = Release|Any CPU
		{96B94547-8792-4870-838D-1F6C5FA292EF}.Release|Any CPU.Build.0 = Release|Any CPU
	EndGlobalSection
	GlobalSection(SolutionProperties) = preSolution
		HideSolutionNode = FALSE
	EndGlobalSection
	GlobalSection(ExtensibilityGlobals) = postSolution
		SolutionGuid = {760BC38F-7699-4751-832D-7B0A3DDA7E20}
	EndGlobalSection
EndGlobal
